// !$*UTF8*$!
{
	archiveVersion = 1;
	classes = {
	};
	objectVersion = 50;
	objects = {

/* Begin PBXBuildFile section */
		8537995C23239EA700EA9EE7 /* AppDelegate.swift in Sources */ = {isa = PBXBuildFile; fileRef = 8537995B23239EA700EA9EE7 /* AppDelegate.swift */; };
		8537995E23239EA700EA9EE7 /* CategoriesVC.swift in Sources */ = {isa = PBXBuildFile; fileRef = 8537995D23239EA700EA9EE7 /* CategoriesVC.swift */; };
		8537996123239EA700EA9EE7 /* Main.storyboard in Resources */ = {isa = PBXBuildFile; fileRef = 8537995F23239EA700EA9EE7 /* Main.storyboard */; };
		8537996323239EA800EA9EE7 /* Assets.xcassets in Resources */ = {isa = PBXBuildFile; fileRef = 8537996223239EA800EA9EE7 /* Assets.xcassets */; };
		8537996623239EA800EA9EE7 /* LaunchScreen.storyboard in Resources */ = {isa = PBXBuildFile; fileRef = 8537996423239EA800EA9EE7 /* LaunchScreen.storyboard */; };
		853799712323A88D00EA9EE7 /* CategoryCell.swift in Sources */ = {isa = PBXBuildFile; fileRef = 853799702323A88D00EA9EE7 /* CategoryCell.swift */; };
		853799732323B2CF00EA9EE7 /* Category.swift in Sources */ = {isa = PBXBuildFile; fileRef = 853799722323B2CF00EA9EE7 /* Category.swift */; };
		853799762323B61C00EA9EE7 /* DataService.swift in Sources */ = {isa = PBXBuildFile; fileRef = 853799752323B61C00EA9EE7 /* DataService.swift */; };
		85BC4C4B2325EF7B0003B981 /* ProductCell.swift in Sources */ = {isa = PBXBuildFile; fileRef = 85BC4C4A2325EF7B0003B981 /* ProductCell.swift */; };
		85BC4C4D2326069B0003B981 /* Product.swift in Sources */ = {isa = PBXBuildFile; fileRef = 85BC4C4C2326069B0003B981 /* Product.swift */; };
		85BC4C4F23260E7C0003B981 /* ProductVC.swift in Sources */ = {isa = PBXBuildFile; fileRef = 85BC4C4E23260E7C0003B981 /* ProductVC.swift */; };
/* End PBXBuildFile section */

/* Begin PBXFileReference section */
		8537995823239EA700EA9EE7 /* coder-swag.app */ = {isa = PBXFileReference; explicitFileType = wrapper.application; includeInIndex = 0; path = "coder-swag.app"; sourceTree = BUILT_PRODUCTS_DIR; };
		8537995B23239EA700EA9EE7 /* AppDelegate.swift */ = {isa = PBXFileReference; lastKnownFileType = sourcecode.swift; path = AppDelegate.swift; sourceTree = "<group>"; };
		8537995D23239EA700EA9EE7 /* CategoriesVC.swift */ = {isa = PBXFileReference; lastKnownFileType = sourcecode.swift; path = CategoriesVC.swift; sourceTree = "<group>"; };
		8537996023239EA700EA9EE7 /* Base */ = {isa = PBXFileReference; lastKnownFileType = file.storyboard; name = Base; path = Base.lproj/Main.storyboard; sourceTree = "<group>"; };
		8537996223239EA800EA9EE7 /* Assets.xcassets */ = {isa = PBXFileReference; lastKnownFileType = folder.assetcatalog; path = Assets.xcassets; sourceTree = "<group>"; };
		8537996523239EA800EA9EE7 /* Base */ = {isa = PBXFileReference; lastKnownFileType = file.storyboard; name = Base; path = Base.lproj/LaunchScreen.storyboard; sourceTree = "<group>"; };
		8537996723239EA800EA9EE7 /* Info.plist */ = {isa = PBXFileReference; lastKnownFileType = text.plist.xml; path = Info.plist; sourceTree = "<group>"; };
		853799702323A88D00EA9EE7 /* CategoryCell.swift */ = {isa = PBXFileReference; lastKnownFileType = sourcecode.swift; path = CategoryCell.swift; sourceTree = "<group>"; };
		853799722323B2CF00EA9EE7 /* Category.swift */ = {isa = PBXFileReference; lastKnownFileType = sourcecode.swift; path = Category.swift; sourceTree = "<group>"; };
		853799752323B61C00EA9EE7 /* DataService.swift */ = {isa = PBXFileReference; lastKnownFileType = sourcecode.swift; path = DataService.swift; sourceTree = "<group>"; };
		85BC4C4A2325EF7B0003B981 /* ProductCell.swift */ = {isa = PBXFileReference; lastKnownFileType = sourcecode.swift; path = ProductCell.swift; sourceTree = "<group>"; };
		85BC4C4C2326069B0003B981 /* Product.swift */ = {isa = PBXFileReference; lastKnownFileType = sourcecode.swift; path = Product.swift; sourceTree = "<group>"; };
		85BC4C4E23260E7C0003B981 /* ProductVC.swift */ = {isa = PBXFileReference; lastKnownFileType = sourcecode.swift; path = ProductVC.swift; sourceTree = "<group>"; };
/* End PBXFileReference section */

/* Begin PBXFrameworksBuildPhase section */
		8537995523239EA700EA9EE7 /* Frameworks */ = {
			isa = PBXFrameworksBuildPhase;
			buildActionMask = 2147483647;
			files = (
			);
			runOnlyForDeploymentPostprocessing = 0;
		};
/* End PBXFrameworksBuildPhase section */

/* Begin PBXGroup section */
		8537994F23239EA700EA9EE7 = {
			isa = PBXGroup;
			children = (
				8537995A23239EA700EA9EE7 /* coder-swag */,
				8537995923239EA700EA9EE7 /* Products */,
			);
			sourceTree = "<group>";
		};
		8537995923239EA700EA9EE7 /* Products */ = {
			isa = PBXGroup;
			children = (
				8537995823239EA700EA9EE7 /* coder-swag.app */,
			);
			name = Products;
			sourceTree = "<group>";
		};
		8537995A23239EA700EA9EE7 /* coder-swag */ = {
			isa = PBXGroup;
			children = (
				853799742323B60300EA9EE7 /* Services */,
				8537996F2323A85E00EA9EE7 /* Model */,
				8537996E2323A85800EA9EE7 /* View */,
				8537996D2323A84E00EA9EE7 /* Controller */,
				8537995B23239EA700EA9EE7 /* AppDelegate.swift */,
				8537995F23239EA700EA9EE7 /* Main.storyboard */,
				8537996223239EA800EA9EE7 /* Assets.xcassets */,
				8537996423239EA800EA9EE7 /* LaunchScreen.storyboard */,
				8537996723239EA800EA9EE7 /* Info.plist */,
			);
			path = "coder-swag";
			sourceTree = "<group>";
		};
		8537996D2323A84E00EA9EE7 /* Controller */ = {
			isa = PBXGroup;
			children = (
				8537995D23239EA700EA9EE7 /* CategoriesVC.swift */,
				85BC4C4E23260E7C0003B981 /* ProductVC.swift */,
			);
			path = Controller;
			sourceTree = "<group>";
		};
		8537996E2323A85800EA9EE7 /* View */ = {
			isa = PBXGroup;
			children = (
				853799702323A88D00EA9EE7 /* CategoryCell.swift */,
				85BC4C4A2325EF7B0003B981 /* ProductCell.swift */,
			);
			path = View;
			sourceTree = "<group>";
		};
		8537996F2323A85E00EA9EE7 /* Model */ = {
			isa = PBXGroup;
			children = (
				853799722323B2CF00EA9EE7 /* Category.swift */,
				85BC4C4C2326069B0003B981 /* Product.swift */,
			);
			path = Model;
			sourceTree = "<group>";
		};
		853799742323B60300EA9EE7 /* Services */ = {
			isa = PBXGroup;
			children = (
				853799752323B61C00EA9EE7 /* DataService.swift */,
			);
			path = Services;
			sourceTree = "<group>";
		};
/* End PBXGroup section */

/* Begin PBXNativeTarget section */
		8537995723239EA700EA9EE7 /* coder-swag */ = {
			isa = PBXNativeTarget;
			buildConfigurationList = 8537996A23239EA800EA9EE7 /* Build configuration list for PBXNativeTarget "coder-swag" */;
			buildPhases = (
				8537995423239EA700EA9EE7 /* Sources */,
				8537995523239EA700EA9EE7 /* Frameworks */,
				8537995623239EA700EA9EE7 /* Resources */,
			);
			buildRules = (
			);
			dependencies = (
			);
			name = "coder-swag";
			productName = "coder-swag";
			productReference = 8537995823239EA700EA9EE7 /* coder-swag.app */;
			productType = "com.apple.product-type.application";
		};
/* End PBXNativeTarget section */

/* Begin PBXProject section */
		8537995023239EA700EA9EE7 /* Project object */ = {
			isa = PBXProject;
			attributes = {
				LastSwiftUpdateCheck = 1030;
				LastUpgradeCheck = 1030;
				ORGANIZATIONNAME = "Abdallah Ali";
				TargetAttributes = {
					8537995723239EA700EA9EE7 = {
						CreatedOnToolsVersion = 10.3;
					};
				};
			};
			buildConfigurationList = 8537995323239EA700EA9EE7 /* Build configuration list for PBXProject "coder-swag" */;
			compatibilityVersion = "Xcode 9.3";
			developmentRegion = en;
			hasScannedForEncodings = 0;
			knownRegions = (
				en,
				Base,
			);
			mainGroup = 8537994F23239EA700EA9EE7;
			productRefGroup = 8537995923239EA700EA9EE7 /* Products */;
			projectDirPath = "";
			projectRoot = "";
			targets = (
				8537995723239EA700EA9EE7 /* coder-swag */,
			);
		};
/* End PBXProject section */

/* Begin PBXResourcesBuildPhase section */
		8537995623239EA700EA9EE7 /* Resources */ = {
			isa = PBXResourcesBuildPhase;
			buildActionMask = 2147483647;
			files = (
				8537996623239EA800EA9EE7 /* LaunchScreen.storyboard in Resources */,
				8537996323239EA800EA9EE7 /* Assets.xcassets in Resources */,
				8537996123239EA700EA9EE7 /* Main.storyboard in Resources */,
			);
			runOnlyForDeploymentPostprocessing = 0;
		};
/* End PBXResourcesBuildPhase section */

/* Begin PBXSourcesBuildPhase section */
		8537995423239EA700EA9EE7 /* Sources */ = {
			isa = PBXSourcesBuildPhase;
			buildActionMask = 2147483647;
			files = (
				8537995E23239EA700EA9EE7 /* CategoriesVC.swift in Sources */,
				8537995C23239EA700EA9EE7 /* AppDelegate.swift in Sources */,
				853799712323A88D00EA9EE7 /* CategoryCell.swift in Sources */,
				85BC4C4B2325EF7B0003B981 /* ProductCell.swift in Sources */,
				85BC4C4F23260E7C0003B981 /* ProductVC.swift in Sources */,
				853799732323B2CF00EA9EE7 /* Category.swift in Sources */,
				853799762323B61C00EA9EE7 /* DataService.swift in Sources */,
				85BC4C4D2326069B0003B981 /* Product.swift in Sources */,
			);
			runOnlyForDeploymentPostprocessing = 0;
		};
/* End PBXSourcesBuildPhase section */

/* Begin PBXVariantGroup section */
		8537995F23239EA700EA9EE7 /* Main.storyboard */ = {
			isa = PBXVariantGroup;
			children = (
				8537996023239EA700EA9EE7 /* Base */,
			);
			name = Main.storyboard;
			sourceTree = "<group>";
		};
		8537996423239EA800EA9EE7 /* LaunchScreen.storyboard */ = {
			isa = PBXVariantGroup;
			children = (
				8537996523239EA800EA9EE7 /* Base */,
			);
			name = LaunchScreen.storyboard;
			sourceTree = "<group>";
		};
/* End PBXVariantGroup section */

/* Begin XCBuildConfiguration section */
		8537996823239EA800EA9EE7 /* Debug */ = {
			isa = XCBuildConfiguration;
			buildSettings = {
				ALWAYS_SEARCH_USER_PATHS = NO;
				CLANG_ANALYZER_NONNULL = YES;
				CLANG_ANALYZER_NUMBER_OBJECT_CONVERSION = YES_AGGRESSIVE;
				CLANG_CXX_LANGUAGE_STANDARD = "gnu++14";
				CLANG_CXX_LIBRARY = "libc++";
				CLANG_ENABLE_MODULES = YES;
				CLANG_ENABLE_OBJC_ARC = YES;
				CLANG_ENABLE_OBJC_WEAK = YES;
				CLANG_WARN_BLOCK_CAPTURE_AUTORELEASING = YES;
				CLANG_WARN_BOOL_CONVERSION = YES;
				CLANG_WARN_COMMA = YES;
				CLANG_WARN_CONSTANT_CONVERSION = YES;
				CLANG_WARN_DEPRECATED_OBJC_IMPLEMENTATIONS = YES;
				CLANG_WARN_DIRECT_OBJC_ISA_USAGE = YES_ERROR;
				CLANG_WARN_DOCUMENTATION_COMMENTS = YES;
				CLANG_WARN_EMPTY_BODY = YES;
				CLANG_WARN_ENUM_CONVERSION = YES;
				CLANG_WARN_INFINITE_RECURSION = YES;
				CLANG_WARN_INT_CONVERSION = YES;
				CLANG_WARN_NON_LITERAL_NULL_CONVERSION = YES;
				CLANG_WARN_OBJC_IMPLICIT_RETAIN_SELF = YES;
				CLANG_WARN_OBJC_LITERAL_CONVERSION = YES;
				CLANG_WARN_OBJC_ROOT_CLASS = YES_ERROR;
				CLANG_WARN_RANGE_LOOP_ANALYSIS = YES;
				CLANG_WARN_STRICT_PROTOTYPES = YES;
				CLANG_WARN_SUSPICIOUS_MOVE = YES;
				CLANG_WARN_UNGUARDED_AVAILABILITY = YES_AGGRESSIVE;
				CLANG_WARN_UNREACHABLE_CODE = YES;
				CLANG_WARN__DUPLICATE_METHOD_MATCH = YES;
				CODE_SIGN_IDENTITY = "iPhone Developer";
				COPY_PHASE_STRIP = NO;
				DEBUG_INFORMATION_FORMAT = dwarf;
				ENABLE_STRICT_OBJC_MSGSEND = YES;
				ENABLE_TESTABILITY = YES;
				GCC_C_LANGUAGE_STANDARD = gnu11;
				GCC_DYNAMIC_NO_PIC = NO;
				GCC_NO_COMMON_BLOCKS = YES;
				GCC_OPTIMIZATION_LEVEL = 0;
				GCC_PREPROCESSOR_DEFINITIONS = (
					"DEBUG=1",
					"$(inherited)",
				);
				GCC_WARN_64_TO_32_BIT_CONVERSION = YES;
				GCC_WARN_ABOUT_RETURN_TYPE = YES_ERROR;
				GCC_WARN_UNDECLARED_SELECTOR = YES;
				GCC_WARN_UNINITIALIZED_AUTOS = YES_AGGRESSIVE;
				GCC_WARN_UNUSED_FUNCTION = YES;
				GCC_WARN_UNUSED_VARIABLE = YES;
				IPHONEOS_DEPLOYMENT_TARGET = 12.4;
				MTL_ENABLE_DEBUG_INFO = INCLUDE_SOURCE;
				MTL_FAST_MATH = YES;
				ONLY_ACTIVE_ARCH = YES;
				SDKROOT = iphoneos;
				SWIFT_ACTIVE_COMPILATION_CONDITIONS = DEBUG;
				SWIFT_OPTIMIZATION_LEVEL = "-Onone";
			};
			name = Debug;
		};
		8537996923239EA800EA9EE7 /* Release */ = {
			isa = XCBuildConfiguration;
			buildSettings = {
				ALWAYS_SEARCH_USER_PATHS = NO;
				CLANG_ANALYZER_NONNULL = YES;
				CLANG_ANALYZER_NUMBER_OBJECT_CONVERSION = YES_AGGRESSIVE;
				CLANG_CXX_LANGUAGE_STANDARD = "gnu++14";
				CLANG_CXX_LIBRARY = "libc++";
				CLANG_ENABLE_MODULES = YES;
				CLANG_ENABLE_OBJC_ARC = YES;
				CLANG_ENABLE_OBJC_WEAK = YES;
				CLANG_WARN_BLOCK_CAPTURE_AUTORELEASING = YES;
				CLANG_WARN_BOOL_CONVERSION = YES;
				CLANG_WARN_COMMA = YES;
				CLANG_WARN_CONSTANT_CONVERSION = YES;
				CLANG_WARN_DEPRECATED_OBJC_IMPLEMENTATIONS = YES;
				CLANG_WARN_DIRECT_OBJC_ISA_USAGE = YES_ERROR;
				CLANG_WARN_DOCUMENTATION_COMMENTS = YES;
				CLANG_WARN_EMPTY_BODY = YES;
				CLANG_WARN_ENUM_CONVERSION = YES;
				CLANG_WARN_INFINITE_RECURSION = YES;
				CLANG_WARN_INT_CONVERSION = YES;
				CLANG_WARN_NON_LITERAL_NULL_CONVERSION = YES;
				CLANG_WARN_OBJC_IMPLICIT_RETAIN_SELF = YES;
				CLANG_WARN_OBJC_LITERAL_CONVERSION = YES;
				CLANG_WARN_OBJC_ROOT_CLASS = YES_ERROR;
				CLANG_WARN_RANGE_LOOP_ANALYSIS = YES;
				CLANG_WARN_STRICT_PROTOTYPES = YES;
				CLANG_WARN_SUSPICIOUS_MOVE = YES;
				CLANG_WARN_UNGUARDED_AVAILABILITY = YES_AGGRESSIVE;
				CLANG_WARN_UNREACHABLE_CODE = YES;
				CLANG_WARN__DUPLICATE_METHOD_MATCH = YES;
				CODE_SIGN_IDENTITY = "iPhone Developer";
				COPY_PHASE_STRIP = NO;
				DEBUG_INFORMATION_FORMAT = "dwarf-with-dsym";
				ENABLE_NS_ASSERTIONS = NO;
				ENABLE_STRICT_OBJC_MSGSEND = YES;
				GCC_C_LANGUAGE_STANDARD = gnu11;
				GCC_NO_COMMON_BLOCKS = YES;
				GCC_WARN_64_TO_32_BIT_CONVERSION = YES;
				GCC_WARN_ABOUT_RETURN_TYPE = YES_ERROR;
				GCC_WARN_UNDECLARED_SELECTOR = YES;
				GCC_WARN_UNINITIALIZED_AUTOS = YES_AGGRESSIVE;
				GCC_WARN_UNUSED_FUNCTION = YES;
				GCC_WARN_UNUSED_VARIABLE = YES;
				IPHONEOS_DEPLOYMENT_TARGET = 12.4;
				MTL_ENABLE_DEBUG_INFO = NO;
				MTL_FAST_MATH = YES;
				SDKROOT = iphoneos;
				SWIFT_COMPILATION_MODE = wholemodule;
				SWIFT_OPTIMIZATION_LEVEL = "-O";
				VALIDATE_PRODUCT = YES;
			};
			name = Release;
		};
		8537996B23239EA800EA9EE7 /* Debug */ = {
			isa = XCBuildConfiguration;
			buildSettings = {
				ASSETCATALOG_COMPILER_APPICON_NAME = AppIcon;
				CODE_SIGN_STYLE = Automatic;
				DEVELOPMENT_TEAM = MBH23373JX;
				INFOPLIST_FILE = "coder-swag/Info.plist";
				LD_RUNPATH_SEARCH_PATHS = (
					"$(inherited)",
					"@executable_path/Frameworks",
				);
				PRODUCT_BUNDLE_IDENTIFIER = "abdo.test.coder-swag";
				PRODUCT_NAME = "$(TARGET_NAME)";
				SWIFT_VERSION = 5.0;
				TARGETED_DEVICE_FAMILY = "1,2";
			};
			name = Debug;
		};
		8537996C23239EA800EA9EE7 /* Release */ = {
			isa = XCBuildConfiguration;
			buildSettings = {
				ASSETCATALOG_COMPILER_APPICON_NAME = AppIcon;
				CODE_SIGN_STYLE = Automatic;
				DEVELOPMENT_TEAM = MBH23373JX;
				INFOPLIST_FILE = "coder-swag/Info.plist";
				LD_RUNPATH_SEARCH_PATHS = (
					"$(inherited)",
					"@executable_path/Frameworks",
				);
				PRODUCT_BUNDLE_IDENTIFIER = "abdo.test.coder-swag";
				PRODUCT_NAME = "$(TARGET_NAME)";
				SWIFT_VERSION = 5.0;
				TARGETED_DEVICE_FAMILY = "1,2";
			};
			name = Release;
		};
/* End XCBuildConfiguration section */

/* Begin XCConfigurationList section */
		8537995323239EA700EA9EE7 /* Build configuration list for PBXProject "coder-swag" */ = {
			isa = XCConfigurationList;
			buildConfigurations = (
				8537996823239EA800EA9EE7 /* Debug */,
				8537996923239EA800EA9EE7 /* Release */,
			);
			defaultConfigurationIsVisible = 0;
			defaultConfigurationName = Release;
		};
		8537996A23239EA800EA9EE7 /* Build configuration list for PBXNativeTarget "coder-swag" */ = {
			isa = XCConfigurationList;
			buildConfigurations = (
				8537996B23239EA800EA9EE7 /* Debug */,
				8537996C23239EA800EA9EE7 /* Release */,
			);
			defaultConfigurationIsVisible = 0;
			defaultConfigurationName = Release;
		};
/* End XCConfigurationList section */
	};
	rootObject = 8537995023239EA700EA9EE7 /* Project object */;
}
